
Microsoft Visual Studio Solution File, Format Version 12.00
# Visual Studio 2013
VisualStudioVersion = 12.0.30501.0
MinimumVisualStudioVersion = 10.0.40219.1
Project("{8BC9CEB8-8B4A-11D0-8D11-00A0C91BC942}") = "AccessoryShield-ButtonBeep", "AccessoryShield-ButtonBeep\AccessoryShield-ButtonBeep.vcxproj", "{EB506522-1AB1-4D5A-9E28-B1B32143981D}"
EndProject
Global
	GlobalSection(SolutionConfigurationPlatforms) = preSolution
		Debug|Win32 = Debug|Win32
		Release|Win32 = Release|Win32
	EndGlobalSection
	GlobalSection(ProjectConfigurationPlatforms) = postSolution
		{EB506522-1AB1-4D5A-9E28-B1B32143981D}.Debug|Win32.ActiveCfg = Debug|Win32
		{EB506522-1AB1-4D5A-9E28-B1B32143981D}.Debug|Win32.Build.0 = Debug|Win32
		{EB506522-1AB1-4D5A-9E28-B1B32143981D}.Debug|Win32.Deploy.0 = Debug|Win32
		{EB506522-1AB1-4D5A-9E28-B1B32143981D}.Release|Win32.ActiveCfg = Release|Win32
		{EB506522-1AB1-4D5A-9E28-B1B32143981D}.Release|Win32.Build.0 = Release|Win32
		{EB506522-1AB1-4D5A-9E28-B1B32143981D}.Release|Win32.Deploy.0 = Release|Win32
	EndGlobalSection
	GlobalSection(SolutionProperties) = preSolution
		HideSolutionNode = FALSE
	EndGlobalSection
EndGlobal
